// !$*UTF8*$!
{
	archiveVersion = 1;
	classes = {
	};
	objectVersion = 77;
	objects = {

/* Begin PBXBuildFile section */
		285028542CAD7C0F00A77CA4 /* AddViewController.swift in Sources */ = {isa = PBXBuildFile; fileRef = 285028532CAD7C0F00A77CA4 /* AddViewController.swift */; };
		285028562CAD7C1D00A77CA4 /* EditViewController.swift in Sources */ = {isa = PBXBuildFile; fileRef = 285028552CAD7C1D00A77CA4 /* EditViewController.swift */; };
/* End PBXBuildFile section */

/* Begin PBXContainerItemProxy section */
		28EDE97B2CAC22550017FA0B /* PBXContainerItemProxy */ = {
			isa = PBXContainerItemProxy;
			containerPortal = 28EDE9592CAC22530017FA0B /* Project object */;
			proxyType = 1;
			remoteGlobalIDString = 28EDE9602CAC22530017FA0B;
			remoteInfo = StarkClassmates;
		};
		28EDE9852CAC22550017FA0B /* PBXContainerItemProxy */ = {
			isa = PBXContainerItemProxy;
			containerPortal = 28EDE9592CAC22530017FA0B /* Project object */;
			proxyType = 1;
			remoteGlobalIDString = 28EDE9602CAC22530017FA0B;
			remoteInfo = StarkClassmates;
		};
/* End PBXContainerItemProxy section */

/* Begin PBXFileReference section */
		285028532CAD7C0F00A77CA4 /* AddViewController.swift */ = {isa = PBXFileReference; lastKnownFileType = sourcecode.swift; path = AddViewController.swift; sourceTree = "<group>"; };
		285028552CAD7C1D00A77CA4 /* EditViewController.swift */ = {isa = PBXFileReference; lastKnownFileType = sourcecode.swift; path = EditViewController.swift; sourceTree = "<group>"; };
		28EDE9612CAC22530017FA0B /* StarkClassmates.app */ = {isa = PBXFileReference; explicitFileType = wrapper.application; includeInIndex = 0; path = StarkClassmates.app; sourceTree = BUILT_PRODUCTS_DIR; };
		28EDE97A2CAC22550017FA0B /* StarkClassmatesTests.xctest */ = {isa = PBXFileReference; explicitFileType = wrapper.cfbundle; includeInIndex = 0; path = StarkClassmatesTests.xctest; sourceTree = BUILT_PRODUCTS_DIR; };
		28EDE9842CAC22550017FA0B /* StarkClassmatesUITests.xctest */ = {isa = PBXFileReference; explicitFileType = wrapper.cfbundle; includeInIndex = 0; path = StarkClassmatesUITests.xctest; sourceTree = BUILT_PRODUCTS_DIR; };
/* End PBXFileReference section */

/* Begin PBXFileSystemSynchronizedBuildFileExceptionSet section */
		28EDE98C2CAC22550017FA0B /* Exceptions for "StarkClassmates" folder in "StarkClassmates" target */ = {
			isa = PBXFileSystemSynchronizedBuildFileExceptionSet;
			membershipExceptions = (
				Info.plist,
			);
			target = 28EDE9602CAC22530017FA0B /* StarkClassmates */;
		};
/* End PBXFileSystemSynchronizedBuildFileExceptionSet section */

/* Begin PBXFileSystemSynchronizedRootGroup section */
		28EDE9632CAC22530017FA0B /* StarkClassmates */ = {
			isa = PBXFileSystemSynchronizedRootGroup;
			exceptions = (
				28EDE98C2CAC22550017FA0B /* Exceptions for "StarkClassmates" folder in "StarkClassmates" target */,
			);
			path = StarkClassmates;
			sourceTree = "<group>";
		};
		28EDE97D2CAC22550017FA0B /* StarkClassmatesTests */ = {
			isa = PBXFileSystemSynchronizedRootGroup;
			path = StarkClassmatesTests;
			sourceTree = "<group>";
		};
		28EDE9872CAC22550017FA0B /* StarkClassmatesUITests */ = {
			isa = PBXFileSystemSynchronizedRootGroup;
			path = StarkClassmatesUITests;
			sourceTree = "<group>";
		};
/* End PBXFileSystemSynchronizedRootGroup section */

/* Begin PBXFrameworksBuildPhase section */
		28EDE95E2CAC22530017FA0B /* Frameworks */ = {
			isa = PBXFrameworksBuildPhase;
			buildActionMask = 2147483647;
			files = (
			);
			runOnlyForDeploymentPostprocessing = 0;
		};
		28EDE9772CAC22550017FA0B /* Frameworks */ = {
			isa = PBXFrameworksBuildPhase;
			buildActionMask = 2147483647;
			files = (
			);
			runOnlyForDeploymentPostprocessing = 0;
		};
		28EDE9812CAC22550017FA0B /* Frameworks */ = {
			isa = PBXFrameworksBuildPhase;
			buildActionMask = 2147483647;
			files = (
			);
			runOnlyForDeploymentPostprocessing = 0;
		};
/* End PBXFrameworksBuildPhase section */

/* Begin PBXGroup section */
		28EDE9582CAC22530017FA0B = {
			isa = PBXGroup;
			children = (
				285028552CAD7C1D00A77CA4 /* EditViewController.swift */,
				285028532CAD7C0F00A77CA4 /* AddViewController.swift */,
				28EDE9632CAC22530017FA0B /* StarkClassmates */,
				28EDE97D2CAC22550017FA0B /* StarkClassmatesTests */,
				28EDE9872CAC22550017FA0B /* StarkClassmatesUITests */,
				28EDE9622CAC22530017FA0B /* Products */,
			);
			sourceTree = "<group>";
		};
		28EDE9622CAC22530017FA0B /* Products */ = {
			isa = PBXGroup;
			children = (
				28EDE9612CAC22530017FA0B /* StarkClassmates.app */,
				28EDE97A2CAC22550017FA0B /* StarkClassmatesTests.xctest */,
				28EDE9842CAC22550017FA0B /* StarkClassmatesUITests.xctest */,
			);
			name = Products;
			sourceTree = "<group>";
		};
/* End PBXGroup section */

/* Begin PBXNativeTarget section */
		28EDE9602CAC22530017FA0B /* StarkClassmates */ = {
			isa = PBXNativeTarget;
			buildConfigurationList = 28EDE98D2CAC22550017FA0B /* Build configuration list for PBXNativeTarget "StarkClassmates" */;
			buildPhases = (
				28EDE95D2CAC22530017FA0B /* Sources */,
				28EDE95E2CAC22530017FA0B /* Frameworks */,
				28EDE95F2CAC22530017FA0B /* Resources */,
			);
			buildRules = (
			);
			dependencies = (
			);
			fileSystemSynchronizedGroups = (
				28EDE9632CAC22530017FA0B /* StarkClassmates */,
			);
			name = StarkClassmates;
			packageProductDependencies = (
			);
			productName = StarkClassmates;
			productReference = 28EDE9612CAC22530017FA0B /* StarkClassmates.app */;
			productType = "com.apple.product-type.application";
		};
		28EDE9792CAC22550017FA0B /* StarkClassmatesTests */ = {
			isa = PBXNativeTarget;
			buildConfigurationList = 28EDE9922CAC22550017FA0B /* Build configuration list for PBXNativeTarget "StarkClassmatesTests" */;
			buildPhases = (
				28EDE9762CAC22550017FA0B /* Sources */,
				28EDE9772CAC22550017FA0B /* Frameworks */,
				28EDE9782CAC22550017FA0B /* Resources */,
			);
			buildRules = (
			);
			dependencies = (
				28EDE97C2CAC22550017FA0B /* PBXTargetDependency */,
			);
			fileSystemSynchronizedGroups = (
				28EDE97D2CAC22550017FA0B /* StarkClassmatesTests */,
			);
			name = StarkClassmatesTests;
			packageProductDependencies = (
			);
			productName = StarkClassmatesTests;
			productReference = 28EDE97A2CAC22550017FA0B /* StarkClassmatesTests.xctest */;
			productType = "com.apple.product-type.bundle.unit-test";
		};
		28EDE9832CAC22550017FA0B /* StarkClassmatesUITests */ = {
			isa = PBXNativeTarget;
			buildConfigurationList = 28EDE9952CAC22550017FA0B /* Build configuration list for PBXNativeTarget "StarkClassmatesUITests" */;
			buildPhases = (
				28EDE9802CAC22550017FA0B /* Sources */,
				28EDE9812CAC22550017FA0B /* Frameworks */,
				28EDE9822CAC22550017FA0B /* Resources */,
			);
			buildRules = (
			);
			dependencies = (
				28EDE9862CAC22550017FA0B /* PBXTargetDependency */,
			);
			fileSystemSynchronizedGroups = (
				28EDE9872CAC22550017FA0B /* StarkClassmatesUITests */,
			);
			name = StarkClassmatesUITests;
			packageProductDependencies = (
			);
			productName = StarkClassmatesUITests;
			productReference = 28EDE9842CAC22550017FA0B /* StarkClassmatesUITests.xctest */;
			productType = "com.apple.product-type.bundle.ui-testing";
		};
/* End PBXNativeTarget section */

/* Begin PBXProject section */
		28EDE9592CAC22530017FA0B /* Project object */ = {
			isa = PBXProject;
			attributes = {
				BuildIndependentTargetsInParallel = 1;
				LastSwiftUpdateCheck = 1600;
				LastUpgradeCheck = 1600;
				TargetAttributes = {
					28EDE9602CAC22530017FA0B = {
						CreatedOnToolsVersion = 16.0;
					};
					28EDE9792CAC22550017FA0B = {
						CreatedOnToolsVersion = 16.0;
						TestTargetID = 28EDE9602CAC22530017FA0B;
					};
					28EDE9832CAC22550017FA0B = {
						CreatedOnToolsVersion = 16.0;
						TestTargetID = 28EDE9602CAC22530017FA0B;
					};
				};
			};
			buildConfigurationList = 28EDE95C2CAC22530017FA0B /* Build configuration list for PBXProject "StarkClassmates" */;
			developmentRegion = en;
			hasScannedForEncodings = 0;
			knownRegions = (
				en,
				Base,
			);
			mainGroup = 28EDE9582CAC22530017FA0B;
			minimizedProjectReferenceProxies = 1;
			preferredProjectObjectVersion = 77;
			productRefGroup = 28EDE9622CAC22530017FA0B /* Products */;
			projectDirPath = "";
			projectRoot = "";
			targets = (
				28EDE9602CAC22530017FA0B /* StarkClassmates */,
				28EDE9792CAC22550017FA0B /* StarkClassmatesTests */,
				28EDE9832CAC22550017FA0B /* StarkClassmatesUITests */,
			);
		};
/* End PBXProject section */

/* Begin PBXResourcesBuildPhase section */
		28EDE95F2CAC22530017FA0B /* Resources */ = {
			isa = PBXResourcesBuildPhase;
			buildActionMask = 2147483647;
			files = (
			);
			runOnlyForDeploymentPostprocessing = 0;
		};
		28EDE9782CAC22550017FA0B /* Resources */ = {
			isa = PBXResourcesBuildPhase;
			buildActionMask = 2147483647;
			files = (
			);
			runOnlyForDeploymentPostprocessing = 0;
		};
		28EDE9822CAC22550017FA0B /* Resources */ = {
			isa = PBXResourcesBuildPhase;
			buildActionMask = 2147483647;
			files = (
			);
			runOnlyForDeploymentPostprocessing = 0;
		};
/* End PBXResourcesBuildPhase section */

/* Begin PBXSourcesBuildPhase section */
		28EDE95D2CAC22530017FA0B /* Sources */ = {
			isa = PBXSourcesBuildPhase;
			buildActionMask = 2147483647;
			files = (
				285028562CAD7C1D00A77CA4 /* EditViewController.swift in Sources */,
				285028542CAD7C0F00A77CA4 /* AddViewController.swift in Sources */,
			);
			runOnlyForDeploymentPostprocessing = 0;
		};
		28EDE9762CAC22550017FA0B /* Sources */ = {
			isa = PBXSourcesBuildPhase;
			buildActionMask = 2147483647;
			files = (
			);
			runOnlyForDeploymentPostprocessing = 0;
		};
		28EDE9802CAC22550017FA0B /* Sources */ = {
			isa = PBXSourcesBuildPhase;
			buildActionMask = 2147483647;
			files = (
			);
			runOnlyForDeploymentPostprocessing = 0;
		};
/* End PBXSourcesBuildPhase section */

/* Begin PBXTargetDependency section */
		28EDE97C2CAC22550017FA0B /* PBXTargetDependency */ = {
			isa = PBXTargetDependency;
			target = 28EDE9602CAC22530017FA0B /* StarkClassmates */;
			targetProxy = 28EDE97B2CAC22550017FA0B /* PBXContainerItemProxy */;
		};
		28EDE9862CAC22550017FA0B /* PBXTargetDependency */ = {
			isa = PBXTargetDependency;
			target = 28EDE9602CAC22530017FA0B /* StarkClassmates */;
			targetProxy = 28EDE9852CAC22550017FA0B /* PBXContainerItemProxy */;
		};
/* End PBXTargetDependency section */

/* Begin XCBuildConfiguration section */
		28EDE98E2CAC22550017FA0B /* Debug */ = {
			isa = XCBuildConfiguration;
			buildSettings = {
				ASSETCATALOG_COMPILER_APPICON_NAME = AppIcon;
				ASSETCATALOG_COMPILER_GLOBAL_ACCENT_COLOR_NAME = AccentColor;
				CODE_SIGN_STYLE = Automatic;
				CURRENT_PROJECT_VERSION = 1;
				DEVELOPMENT_TEAM = TLM7AGR4U4;
				GENERATE_INFOPLIST_FILE = YES;
				INFOPLIST_FILE = StarkClassmates/Info.plist;
				INFOPLIST_KEY_UIApplicationSupportsIndirectInputEvents = YES;
				INFOPLIST_KEY_UILaunchStoryboardName = LaunchScreen;
				INFOPLIST_KEY_UIMainStoryboardFile = Main;
				INFOPLIST_KEY_UISupportedInterfaceOrientations_iPad = "UIInterfaceOrientationPortrait UIInterfaceOrientationPortraitUpsideDown UIInterfaceOrientationLandscapeLeft UIInterfaceOrientationLandscapeRight";
				INFOPLIST_KEY_UISupportedInterfaceOrientations_iPhone = "UIInterfaceOrientationPortrait UIInterfaceOrientationLandscapeLeft UIInterfaceOrientationLandscapeRight";
				IPHONEOS_DEPLOYMENT_TARGET = 16.6;
				LD_RUNPATH_SEARCH_PATHS = (
					"$(inherited)",
					"@executable_path/Frameworks",
				);
				MARKETING_VERSION = 1.0;
				PRODUCT_BUNDLE_IDENTIFIER = CLC.StarkClassmates;
				PRODUCT_NAME = "$(TARGET_NAME)";
				SWIFT_EMIT_LOC_STRINGS = YES;
				SWIFT_VERSION = 5.0;
				TARGETED_DEVICE_FAMILY = "1,2";
			};
			name = Debug;
		};
		28EDE98F2CAC22550017FA0B /* Release */ = {
			isa = XCBuildConfiguration;
			buildSettings = {
				ASSETCATALOG_COMPILER_APPICON_NAME = AppIcon;
				ASSETCATALOG_COMPILER_GLOBAL_ACCENT_COLOR_NAME = AccentColor;
				CODE_SIGN_STYLE = Automatic;
				CURRENT_PROJECT_VERSION = 1;
				DEVELOPMENT_TEAM = TLM7AGR4U4;
				GENERATE_INFOPLIST_FILE = YES;
				INFOPLIST_FILE = StarkClassmates/Info.plist;
				INFOPLIST_KEY_UIApplicationSupportsIndirectInputEvents = YES;
				INFOPLIST_KEY_UILaunchStoryboardName = LaunchScreen;
				INFOPLIST_KEY_UIMainStoryboardFile = Main;
				INFOPLIST_KEY_UISupportedInterfaceOrientations_iPad = "UIInterfaceOrientationPortrait UIInterfaceOrientationPortraitUpsideDown UIInterfaceOrientationLandscapeLeft UIInterfaceOrientationLandscapeRight";
				INFOPLIST_KEY_UISupportedInterfaceOrientations_iPhone = "UIInterfaceOrientationPortrait UIInterfaceOrientationLandscapeLeft UIInterfaceOrientationLandscapeRight";
				IPHONEOS_DEPLOYMENT_TARGET = 16.6;
				LD_RUNPATH_SEARCH_PATHS = (
					"$(inherited)",
					"@executable_path/Frameworks",
				);
				MARKETING_VERSION = 1.0;
				PRODUCT_BUNDLE_IDENTIFIER = CLC.StarkClassmates;
				PRODUCT_NAME = "$(TARGET_NAME)";
				SWIFT_EMIT_LOC_STRINGS = YES;
				SWIFT_VERSION = 5.0;
				TARGETED_DEVICE_FAMILY = "1,2";
			};
			name = Release;
		};
		28EDE9902CAC22550017FA0B /* Debug */ = {
			isa = XCBuildConfiguration;
			buildSettings = {
				ALWAYS_SEARCH_USER_PATHS = NO;
				ASSETCATALOG_COMPILER_GENERATE_SWIFT_ASSET_SYMBOL_EXTENSIONS = YES;
				CLANG_ANALYZER_NONNULL = YES;
				CLANG_ANALYZER_NUMBER_OBJECT_CONVERSION = YES_AGGRESSIVE;
				CLANG_CXX_LANGUAGE_STANDARD = "gnu++20";
				CLANG_ENABLE_MODULES = YES;
				CLANG_ENABLE_OBJC_ARC = YES;
				CLANG_ENABLE_OBJC_WEAK = YES;
				CLANG_WARN_BLOCK_CAPTURE_AUTORELEASING = YES;
				CLANG_WARN_BOOL_CONVERSION = YES;
				CLANG_WARN_COMMA = YES;
				CLANG_WARN_CONSTANT_CONVERSION = YES;
				CLANG_WARN_DEPRECATED_OBJC_IMPLEMENTATIONS = YES;
				CLANG_WARN_DIRECT_OBJC_ISA_USAGE = YES_ERROR;
				CLANG_WARN_DOCUMENTATION_COMMENTS = YES;
				CLANG_WARN_EMPTY_BODY = YES;
				CLANG_WARN_ENUM_CONVERSION = YES;
				CLANG_WARN_INFINITE_RECURSION = YES;
				CLANG_WARN_INT_CONVERSION = YES;
				CLANG_WARN_NON_LITERAL_NULL_CONVERSION = YES;
				CLANG_WARN_OBJC_IMPLICIT_RETAIN_SELF = YES;
				CLANG_WARN_OBJC_LITERAL_CONVERSION = YES;
				CLANG_WARN_OBJC_ROOT_CLASS = YES_ERROR;
				CLANG_WARN_QUOTED_INCLUDE_IN_FRAMEWORK_HEADER = YES;
				CLANG_WARN_RANGE_LOOP_ANALYSIS = YES;
				CLANG_WARN_STRICT_PROTOTYPES = YES;
				CLANG_WARN_SUSPICIOUS_MOVE = YES;
				CLANG_WARN_UNGUARDED_AVAILABILITY = YES_AGGRESSIVE;
				CLANG_WARN_UNREACHABLE_CODE = YES;
				CLANG_WARN__DUPLICATE_METHOD_MATCH = YES;
				COPY_PHASE_STRIP = NO;
				DEBUG_INFORMATION_FORMAT = dwarf;
				ENABLE_STRICT_OBJC_MSGSEND = YES;
				ENABLE_TESTABILITY = YES;
				ENABLE_USER_SCRIPT_SANDBOXING = YES;
				GCC_C_LANGUAGE_STANDARD = gnu17;
				GCC_DYNAMIC_NO_PIC = NO;
				GCC_NO_COMMON_BLOCKS = YES;
				GCC_OPTIMIZATION_LEVEL = 0;
				GCC_PREPROCESSOR_DEFINITIONS = (
					"DEBUG=1",
					"$(inherited)",
				);
				GCC_WARN_64_TO_32_BIT_CONVERSION = YES;
				GCC_WARN_ABOUT_RETURN_TYPE = YES_ERROR;
				GCC_WARN_UNDECLARED_SELECTOR = YES;
				GCC_WARN_UNINITIALIZED_AUTOS = YES_AGGRESSIVE;
				GCC_WARN_UNUSED_FUNCTION = YES;
				GCC_WARN_UNUSED_VARIABLE = YES;
				IPHONEOS_DEPLOYMENT_TARGET = 18.0;
				LOCALIZATION_PREFERS_STRING_CATALOGS = YES;
				MTL_ENABLE_DEBUG_INFO = INCLUDE_SOURCE;
				MTL_FAST_MATH = YES;
				ONLY_ACTIVE_ARCH = YES;
				SDKROOT = iphoneos;
				SWIFT_ACTIVE_COMPILATION_CONDITIONS = "DEBUG $(inherited)";
				SWIFT_OPTIMIZATION_LEVEL = "-Onone";
			};
			name = Debug;
		};
		28EDE9912CAC22550017FA0B /* Release */ = {
			isa = XCBuildConfiguration;
			buildSettings = {
				ALWAYS_SEARCH_USER_PATHS = NO;
				ASSETCATALOG_COMPILER_GENERATE_SWIFT_ASSET_SYMBOL_EXTENSIONS = YES;
				CLANG_ANALYZER_NONNULL = YES;
				CLANG_ANALYZER_NUMBER_OBJECT_CONVERSION = YES_AGGRESSIVE;
				CLANG_CXX_LANGUAGE_STANDARD = "gnu++20";
				CLANG_ENABLE_MODULES = YES;
				CLANG_ENABLE_OBJC_ARC = YES;
				CLANG_ENABLE_OBJC_WEAK = YES;
				CLANG_WARN_BLOCK_CAPTURE_AUTORELEASING = YES;
				CLANG_WARN_BOOL_CONVERSION = YES;
				CLANG_WARN_COMMA = YES;
				CLANG_WARN_CONSTANT_CONVERSION = YES;
				CLANG_WARN_DEPRECATED_OBJC_IMPLEMENTATIONS = YES;
				CLANG_WARN_DIRECT_OBJC_ISA_USAGE = YES_ERROR;
				CLANG_WARN_DOCUMENTATION_COMMENTS = YES;
				CLANG_WARN_EMPTY_BODY = YES;
				CLANG_WARN_ENUM_CONVERSION = YES;
				CLANG_WARN_INFINITE_RECURSION = YES;
				CLANG_WARN_INT_CONVERSION = YES;
				CLANG_WARN_NON_LITERAL_NULL_CONVERSION = YES;
				CLANG_WARN_OBJC_IMPLICIT_RETAIN_SELF = YES;
				CLANG_WARN_OBJC_LITERAL_CONVERSION = YES;
				CLANG_WARN_OBJC_ROOT_CLASS = YES_ERROR;
				CLANG_WARN_QUOTED_INCLUDE_IN_FRAMEWORK_HEADER = YES;
				CLANG_WARN_RANGE_LOOP_ANALYSIS = YES;
				CLANG_WARN_STRICT_PROTOTYPES = YES;
				CLANG_WARN_SUSPICIOUS_MOVE = YES;
				CLANG_WARN_UNGUARDED_AVAILABILITY = YES_AGGRESSIVE;
				CLANG_WARN_UNREACHABLE_CODE = YES;
				CLANG_WARN__DUPLICATE_METHOD_MATCH = YES;
				COPY_PHASE_STRIP = NO;
				DEBUG_INFORMATION_FORMAT = "dwarf-with-dsym";
				ENABLE_NS_ASSERTIONS = NO;
				ENABLE_STRICT_OBJC_MSGSEND = YES;
				ENABLE_USER_SCRIPT_SANDBOXING = YES;
				GCC_C_LANGUAGE_STANDARD = gnu17;
				GCC_NO_COMMON_BLOCKS = YES;
				GCC_WARN_64_TO_32_BIT_CONVERSION = YES;
				GCC_WARN_ABOUT_RETURN_TYPE = YES_ERROR;
				GCC_WARN_UNDECLARED_SELECTOR = YES;
				GCC_WARN_UNINITIALIZED_AUTOS = YES_AGGRESSIVE;
				GCC_WARN_UNUSED_FUNCTION = YES;
				GCC_WARN_UNUSED_VARIABLE = YES;
				IPHONEOS_DEPLOYMENT_TARGET = 18.0;
				LOCALIZATION_PREFERS_STRING_CATALOGS = YES;
				MTL_ENABLE_DEBUG_INFO = NO;
				MTL_FAST_MATH = YES;
				SDKROOT = iphoneos;
				SWIFT_COMPILATION_MODE = wholemodule;
				VALIDATE_PRODUCT = YES;
			};
			name = Release;
		};
		28EDE9932CAC22550017FA0B /* Debug */ = {
			isa = XCBuildConfiguration;
			buildSettings = {
				BUNDLE_LOADER = "$(TEST_HOST)";
				CODE_SIGN_STYLE = Automatic;
				CURRENT_PROJECT_VERSION = 1;
				DEVELOPMENT_TEAM = TLM7AGR4U4;
				GENERATE_INFOPLIST_FILE = YES;
				IPHONEOS_DEPLOYMENT_TARGET = 18.0;
				MARKETING_VERSION = 1.0;
				PRODUCT_BUNDLE_IDENTIFIER = CLC.StarkClassmatesTests;
				PRODUCT_NAME = "$(TARGET_NAME)";
				SWIFT_EMIT_LOC_STRINGS = NO;
				SWIFT_VERSION = 5.0;
				TARGETED_DEVICE_FAMILY = "1,2";
				TEST_HOST = "$(BUILT_PRODUCTS_DIR)/StarkClassmates.app/$(BUNDLE_EXECUTABLE_FOLDER_PATH)/StarkClassmates";
			};
			name = Debug;
		};
		28EDE9942CAC22550017FA0B /* Release */ = {
			isa = XCBuildConfiguration;
			buildSettings = {
				BUNDLE_LOADER = "$(TEST_HOST)";
				CODE_SIGN_STYLE = Automatic;
				CURRENT_PROJECT_VERSION = 1;
				DEVELOPMENT_TEAM = TLM7AGR4U4;
				GENERATE_INFOPLIST_FILE = YES;
				IPHONEOS_DEPLOYMENT_TARGET = 18.0;
				MARKETING_VERSION = 1.0;
				PRODUCT_BUNDLE_IDENTIFIER = CLC.StarkClassmatesTests;
				PRODUCT_NAME = "$(TARGET_NAME)";
				SWIFT_EMIT_LOC_STRINGS = NO;
				SWIFT_VERSION = 5.0;
				TARGETED_DEVICE_FAMILY = "1,2";
				TEST_HOST = "$(BUILT_PRODUCTS_DIR)/StarkClassmates.app/$(BUNDLE_EXECUTABLE_FOLDER_PATH)/StarkClassmates";
			};
			name = Release;
		};
		28EDE9962CAC22550017FA0B /* Debug */ = {
			isa = XCBuildConfiguration;
			buildSettings = {
				CODE_SIGN_STYLE = Automatic;
				CURRENT_PROJECT_VERSION = 1;
				DEVELOPMENT_TEAM = TLM7AGR4U4;
				GENERATE_INFOPLIST_FILE = YES;
				MARKETING_VERSION = 1.0;
				PRODUCT_BUNDLE_IDENTIFIER = CLC.StarkClassmatesUITests;
				PRODUCT_NAME = "$(TARGET_NAME)";
				SWIFT_EMIT_LOC_STRINGS = NO;
				SWIFT_VERSION = 5.0;
				TARGETED_DEVICE_FAMILY = "1,2";
				TEST_TARGET_NAME = StarkClassmates;
			};
			name = Debug;
		};
		28EDE9972CAC22550017FA0B /* Release */ = {
			isa = XCBuildConfiguration;
			buildSettings = {
				CODE_SIGN_STYLE = Automatic;
				CURRENT_PROJECT_VERSION = 1;
				DEVELOPMENT_TEAM = TLM7AGR4U4;
				GENERATE_INFOPLIST_FILE = YES;
				MARKETING_VERSION = 1.0;
				PRODUCT_BUNDLE_IDENTIFIER = CLC.StarkClassmatesUITests;
				PRODUCT_NAME = "$(TARGET_NAME)";
				SWIFT_EMIT_LOC_STRINGS = NO;
				SWIFT_VERSION = 5.0;
				TARGETED_DEVICE_FAMILY = "1,2";
				TEST_TARGET_NAME = StarkClassmates;
			};
			name = Release;
		};
/* End XCBuildConfiguration section */

/* Begin XCConfigurationList section */
		28EDE95C2CAC22530017FA0B /* Build configuration list for PBXProject "StarkClassmates" */ = {
			isa = XCConfigurationList;
			buildConfigurations = (
				28EDE9902CAC22550017FA0B /* Debug */,
				28EDE9912CAC22550017FA0B /* Release */,
			);
			defaultConfigurationIsVisible = 0;
			defaultConfigurationName = Release;
		};
		28EDE98D2CAC22550017FA0B /* Build configuration list for PBXNativeTarget "StarkClassmates" */ = {
			isa = XCConfigurationList;
			buildConfigurations = (
				28EDE98E2CAC22550017FA0B /* Debug */,
				28EDE98F2CAC22550017FA0B /* Release */,
			);
			defaultConfigurationIsVisible = 0;
			defaultConfigurationName = Release;
		};
		28EDE9922CAC22550017FA0B /* Build configuration list for PBXNativeTarget "StarkClassmatesTests" */ = {
			isa = XCConfigurationList;
			buildConfigurations = (
				28EDE9932CAC22550017FA0B /* Debug */,
				28EDE9942CAC22550017FA0B /* Release */,
			);
			defaultConfigurationIsVisible = 0;
			defaultConfigurationName = Release;
		};
		28EDE9952CAC22550017FA0B /* Build configuration list for PBXNativeTarget "StarkClassmatesUITests" */ = {
			isa = XCConfigurationList;
			buildConfigurations = (
				28EDE9962CAC22550017FA0B /* Debug */,
				28EDE9972CAC22550017FA0B /* Release */,
			);
			defaultConfigurationIsVisible = 0;
			defaultConfigurationName = Release;
		};
/* End XCConfigurationList section */
	};
	rootObject = 28EDE9592CAC22530017FA0B /* Project object */;
}
